
Microsoft Visual Studio Solution File, Format Version 12.00
# Visual Studio 15
VisualStudioVersion = 15.0.28307.902
MinimumVisualStudioVersion = 10.0.40219.1
Project("{FAE04EC0-301F-11D3-BF4B-00C04F79EFBC}") = "ntlm.MonitoringPlan.Tests", "ntlm.MonitoringPlan.Tests\ntlm.MonitoringPlan.Tests.csproj", "{68B10CAC-B6D6-4153-A443-710AD4C5CB3D}"
EndProject
Project("{FAE04EC0-301F-11D3-BF4B-00C04F79EFBC}") = "ntlm.MonitoringPlan.console", "ntlm.MonitoringPlan.console\ntlm.MonitoringPlan.console.csproj", "{7C703D48-5FB6-490E-9A9C-F382CC20E86C}"
EndProject
Project("{FAE04EC0-301F-11D3-BF4B-00C04F79EFBC}") = "ntlm.MonitoringPlan", "ntlm.MonitoringPlan\ntlm.MonitoringPlan.csproj", "{9E7B0DE5-AF39-4881-A99D-477FCF3D511D}"
EndProject
Global
	GlobalSection(SolutionConfigurationPlatforms) = preSolution
		Debug|Any CPU = Debug|Any CPU
		Release|Any CPU = Release|Any CPU
	EndGlobalSection
	GlobalSection(ProjectConfigurationPlatforms) = postSolution
		{68B10CAC-B6D6-4153-A443-710AD4C5CB3D}.Debug|Any CPU.ActiveCfg = Debug|Any CPU
		{68B10CAC-B6D6-4153-A443-710AD4C5CB3D}.Debug|Any CPU.Build.0 = Debug|Any CPU
		{68B10CAC-B6D6-4153-A443-710AD4C5CB3D}.Release|Any CPU.ActiveCfg = Release|Any CPU
		{68B10CAC-B6D6-4153-A443-710AD4C5CB3D}.Release|Any CPU.Build.0 = Release|Any CPU
		{7C703D48-5FB6-490E-9A9C-F382CC20E86C}.Debug|Any CPU.ActiveCfg = Debug|Any CPU
		{7C703D48-5FB6-490E-9A9C-F382CC20E86C}.Debug|Any CPU.Build.0 = Debug|Any CPU
		{7C703D48-5FB6-490E-9A9C-F382CC20E86C}.Release|Any CPU.ActiveCfg = Release|Any CPU
		{7C703D48-5FB6-490E-9A9C-F382CC20E86C}.Release|Any CPU.Build.0 = Release|Any CPU
		{9E7B0DE5-AF39-4881-A99D-477FCF3D511D}.Debug|Any CPU.ActiveCfg = Debug|Any CPU
		{9E7B0DE5-AF39-4881-A99D-477FCF3D511D}.Debug|Any CPU.Build.0 = Debug|Any CPU
		{9E7B0DE5-AF39-4881-A99D-477FCF3D511D}.Release|Any CPU.ActiveCfg = Release|Any CPU
		{9E7B0DE5-AF39-4881-A99D-477FCF3D511D}.Release|Any CPU.Build.0 = Release|Any CPU
	EndGlobalSection
	GlobalSection(SolutionProperties) = preSolution
		HideSolutionNode = FALSE
	EndGlobalSection
	GlobalSection(ExtensibilityGlobals) = postSolution
		SolutionGuid = {B0067611-228E-445B-9766-5FCE29B4BEB8}
	EndGlobalSection
EndGlobal
